
Microsoft Visual Studio Solution File, Format Version 12.00
# Visual Studio 15
VisualStudioVersion = 15.0.28307.168
MinimumVisualStudioVersion = 10.0.40219.1
Project("{8BC9CEB8-8B4A-11D0-8D11-00A0C91BC942}") = "memhack", "memhack.vcxproj", "{F9767E72-B03B-4116-8347-BFA6897AF68C}"
EndProject
Global
	GlobalSection(SolutionConfigurationPlatforms) = preSolution
		Dynamic Library|x64 = Dynamic Library|x64
		Dynamic Library|x86 = Dynamic Library|x86
		Static Library|x64 = Static Library|x64
		Static Library|x86 = Static Library|x86
	EndGlobalSection
	GlobalSection(ProjectConfigurationPlatforms) = postSolution
		{F9767E72-B03B-4116-8347-BFA6897AF68C}.Dynamic Library|x64.ActiveCfg = Dynamic Library|x64
		{F9767E72-B03B-4116-8347-BFA6897AF68C}.Dynamic Library|x64.Build.0 = Dynamic Library|x64
		{F9767E72-B03B-4116-8347-BFA6897AF68C}.Dynamic Library|x86.ActiveCfg = Dynamic Library|Win32
		{F9767E72-B03B-4116-8347-BFA6897AF68C}.Dynamic Library|x86.Build.0 = Dynamic Library|Win32
		{F9767E72-B03B-4116-8347-BFA6897AF68C}.Static Library|x64.ActiveCfg = Static Library|x64
		{F9767E72-B03B-4116-8347-BFA6897AF68C}.Static Library|x64.Build.0 = Static Library|x64
		{F9767E72-B03B-4116-8347-BFA6897AF68C}.Static Library|x86.ActiveCfg = Static Library|Win32
		{F9767E72-B03B-4116-8347-BFA6897AF68C}.Static Library|x86.Build.0 = Static Library|Win32
	EndGlobalSection
	GlobalSection(SolutionProperties) = preSolution
		HideSolutionNode = FALSE
	EndGlobalSection
	GlobalSection(ExtensibilityGlobals) = postSolution
		SolutionGuid = {08BD6DB5-CC52-42E8-B65F-AF3E92ABE725}
	EndGlobalSection
EndGlobal
